
Microsoft Visual Studio Solution File, Format Version 12.00
# Visual Studio Version 17
VisualStudioVersion = 17.13.35818.85 d17.13
MinimumVisualStudioVersion = 10.0.40219.1
Project("{FAE04EC0-301F-11D3-BF4B-00C04F79EFBC}") = "Regal_Plataforma", "Regal_Plataforma\Regal_Plataforma.csproj", "{A1723614-25BD-4500-81A1-C544AB91FDF6}"
EndProject
Global
	GlobalSection(SolutionConfigurationPlatforms) = preSolution
		Debug|Any CPU = Debug|Any CPU
		Release|Any CPU = Release|Any CPU
	EndGlobalSection
	GlobalSection(ProjectConfigurationPlatforms) = postSolution
		{A1723614-25BD-4500-81A1-C544AB91FDF6}.Debug|Any CPU.ActiveCfg = Debug|Any CPU
		{A1723614-25BD-4500-81A1-C544AB91FDF6}.Debug|Any CPU.Build.0 = Debug|Any CPU
		{A1723614-25BD-4500-81A1-C544AB91FDF6}.Release|Any CPU.ActiveCfg = Release|Any CPU
		{A1723614-25BD-4500-81A1-C544AB91FDF6}.Release|Any CPU.Build.0 = Release|Any CPU
	EndGlobalSection
	GlobalSection(SolutionProperties) = preSolution
		HideSolutionNode = FALSE
	EndGlobalSection
	GlobalSection(ExtensibilityGlobals) = postSolution
		SolutionGuid = {DE732914-C9B8-46D6-B0C5-BF8395153DA8}
	EndGlobalSection
EndGlobal
